
Microsoft Visual Studio Solution File, Format Version 12.00
# Visual Studio 15
VisualStudioVersion = 15.0.28307.1267
MinimumVisualStudioVersion = 10.0.40219.1
Project("{2150E333-8FDC-42A3-9474-1A3956D46DE8}") = "src", "src", "{41978C36-4BC2-44EB-9F50-6E2E7F3968CE}"
EndProject
Project("{2150E333-8FDC-42A3-9474-1A3956D46DE8}") = "FIAT_Project", "FIAT_Project", "{2AA234CC-00F3-4713-8DA8-76E820520095}"
EndProject
Project("{2150E333-8FDC-42A3-9474-1A3956D46DE8}") = "Net.Core", "Net.Core", "{936A8F13-257F-407A-8498-63992A8EB529}"
EndProject
Project("{9A19103F-16F7-4668-BE54-9A1E7A4F7556}") = "Net.Core.Device", "src\Net.Core\Net.Core.Device\Net.Core.Device.csproj", "{BB00BC14-2696-4021-896A-9461475F7C8D}"
EndProject
Project("{9A19103F-16F7-4668-BE54-9A1E7A4F7556}") = "Net.Core.Helper", "src\Net.Core\Net.Core.Helper\Net.Core.Helper.csproj", "{DB42BF73-7009-40BF-9957-EFCD023B2E9D}"
EndProject
Project("{9A19103F-16F7-4668-BE54-9A1E7A4F7556}") = "Net.Core.Data", "src\Net.Core\Net.Core.Data\Net.Core.Data.csproj", "{1EBFFAAC-00D3-40EE-B1D5-8EF456004888}"
EndProject
Project("{2150E333-8FDC-42A3-9474-1A3956D46DE8}") = "Net.Framework", "Net.Framework", "{9D777868-208B-457D-9443-9537E74ACEA5}"
EndProject
Project("{FAE04EC0-301F-11D3-BF4B-00C04F79EFBC}") = "FIAT_Project.Wpf", "src\Net.Framework\FIAT_Project\FIAT_Project.Wpf\FIAT_Project.Wpf.csproj", "{5D006A84-7891-4E02-B7A6-F9E9BAFE5914}"
EndProject
Project("{FAE04EC0-301F-11D3-BF4B-00C04F79EFBC}") = "FIAT_Project.Core", "src\Net.Framework\FIAT_Project\FIAT_Project.Core\FIAT_Project.Core.csproj", "{D060C229-D89B-4279-9C15-F13BB23EF8E2}"
EndProject
Project("{FAE04EC0-301F-11D3-BF4B-00C04F79EFBC}") = "Net.Framework.Data", "src\Net.Framework\Net.Framework.Data\Net.Framework.Data.csproj", "{BD4D1EDE-AE9F-459B-BF31-0C8FE9808495}"
EndProject
Project("{2150E333-8FDC-42A3-9474-1A3956D46DE8}") = "Device", "Device", "{C051F103-A082-4249-A0B5-69C639344F8A}"
EndProject
Project("{FAE04EC0-301F-11D3-BF4B-00C04F79EFBC}") = "Net.Framework.Matrox", "src\Net.Framework\Net.Framework.Matrox\Net.Framework.Matrox.csproj", "{C44EAE7C-1BB9-4E65-B3BC-17813FD5A78D}"
EndProject
Project("{FAE04EC0-301F-11D3-BF4B-00C04F79EFBC}") = "Net.Framework.Device", "src\Net.Framework\Device\Net.Framework.Device\Net.Framework.Device.csproj", "{B496357A-EFDF-4B33-A35A-2B1EE3617A73}"
EndProject
Project("{FAE04EC0-301F-11D3-BF4B-00C04F79EFBC}") = "Net.Framework.Device.Matrox", "src\Net.Framework\Device\Net.Framework.Device.Matrox\Net.Framework.Device.Matrox.csproj", "{AFC64E41-45D5-494B-86A7-4224D2DE08AB}"
EndProject
Project("{FAE04EC0-301F-11D3-BF4B-00C04F79EFBC}") = "Net.Framework.Helper", "Net.Framework.Helper\Net.Framework.Helper.csproj", "{F4D74A38-9B1B-47BB-9ED2-3DF725C1C88B}"
EndProject
Global
	GlobalSection(SolutionConfigurationPlatforms) = preSolution
		Debug|Any CPU = Debug|Any CPU
		Debug|x64 = Debug|x64
		Release|Any CPU = Release|Any CPU
		Release|x64 = Release|x64
	EndGlobalSection
	GlobalSection(ProjectConfigurationPlatforms) = postSolution
		{BB00BC14-2696-4021-896A-9461475F7C8D}.Debug|Any CPU.ActiveCfg = Debug|Any CPU
		{BB00BC14-2696-4021-896A-9461475F7C8D}.Debug|Any CPU.Build.0 = Debug|Any CPU
		{BB00BC14-2696-4021-896A-9461475F7C8D}.Debug|x64.ActiveCfg = Debug|Any CPU
		{BB00BC14-2696-4021-896A-9461475F7C8D}.Debug|x64.Build.0 = Debug|Any CPU
		{BB00BC14-2696-4021-896A-9461475F7C8D}.Release|Any CPU.ActiveCfg = Release|Any CPU
		{BB00BC14-2696-4021-896A-9461475F7C8D}.Release|Any CPU.Build.0 = Release|Any CPU
		{BB00BC14-2696-4021-896A-9461475F7C8D}.Release|x64.ActiveCfg = Release|Any CPU
		{BB00BC14-2696-4021-896A-9461475F7C8D}.Release|x64.Build.0 = Release|Any CPU
		{DB42BF73-7009-40BF-9957-EFCD023B2E9D}.Debug|Any CPU.ActiveCfg = Debug|Any CPU
		{DB42BF73-7009-40BF-9957-EFCD023B2E9D}.Debug|Any CPU.Build.0 = Debug|Any CPU
		{DB42BF73-7009-40BF-9957-EFCD023B2E9D}.Debug|x64.ActiveCfg = Debug|Any CPU
		{DB42BF73-7009-40BF-9957-EFCD023B2E9D}.Debug|x64.Build.0 = Debug|Any CPU
		{DB42BF73-7009-40BF-9957-EFCD023B2E9D}.Release|Any CPU.ActiveCfg = Release|Any CPU
		{DB42BF73-7009-40BF-9957-EFCD023B2E9D}.Release|Any CPU.Build.0 = Release|Any CPU
		{DB42BF73-7009-40BF-9957-EFCD023B2E9D}.Release|x64.ActiveCfg = Release|Any CPU
		{DB42BF73-7009-40BF-9957-EFCD023B2E9D}.Release|x64.Build.0 = Release|Any CPU
		{1EBFFAAC-00D3-40EE-B1D5-8EF456004888}.Debug|Any CPU.ActiveCfg = Debug|Any CPU
		{1EBFFAAC-00D3-40EE-B1D5-8EF456004888}.Debug|Any CPU.Build.0 = Debug|Any CPU
		{1EBFFAAC-00D3-40EE-B1D5-8EF456004888}.Debug|x64.ActiveCfg = Debug|Any CPU
		{1EBFFAAC-00D3-40EE-B1D5-8EF456004888}.Debug|x64.Build.0 = Debug|Any CPU
		{1EBFFAAC-00D3-40EE-B1D5-8EF456004888}.Release|Any CPU.ActiveCfg = Release|Any CPU
		{1EBFFAAC-00D3-40EE-B1D5-8EF456004888}.Release|Any CPU.Build.0 = Release|Any CPU
		{1EBFFAAC-00D3-40EE-B1D5-8EF456004888}.Release|x64.ActiveCfg = Release|Any CPU
		{1EBFFAAC-00D3-40EE-B1D5-8EF456004888}.Release|x64.Build.0 = Release|Any CPU
		{5D006A84-7891-4E02-B7A6-F9E9BAFE5914}.Debug|Any CPU.ActiveCfg = Debug|x64
		{5D006A84-7891-4E02-B7A6-F9E9BAFE5914}.Debug|x64.ActiveCfg = Debug|x64
		{5D006A84-7891-4E02-B7A6-F9E9BAFE5914}.Debug|x64.Build.0 = Debug|x64
		{5D006A84-7891-4E02-B7A6-F9E9BAFE5914}.Release|Any CPU.ActiveCfg = Release|x64
		{5D006A84-7891-4E02-B7A6-F9E9BAFE5914}.Release|x64.ActiveCfg = Release|x64
		{5D006A84-7891-4E02-B7A6-F9E9BAFE5914}.Release|x64.Build.0 = Release|x64
		{D060C229-D89B-4279-9C15-F13BB23EF8E2}.Debug|Any CPU.ActiveCfg = Debug|Any CPU
		{D060C229-D89B-4279-9C15-F13BB23EF8E2}.Debug|Any CPU.Build.0 = Debug|Any CPU
		{D060C229-D89B-4279-9C15-F13BB23EF8E2}.Debug|x64.ActiveCfg = Debug|Any CPU
		{D060C229-D89B-4279-9C15-F13BB23EF8E2}.Debug|x64.Build.0 = Debug|Any CPU
		{D060C229-D89B-4279-9C15-F13BB23EF8E2}.Release|Any CPU.ActiveCfg = Release|Any CPU
		{D060C229-D89B-4279-9C15-F13BB23EF8E2}.Release|Any CPU.Build.0 = Release|Any CPU
		{D060C229-D89B-4279-9C15-F13BB23EF8E2}.Release|x64.ActiveCfg = Release|Any CPU
		{D060C229-D89B-4279-9C15-F13BB23EF8E2}.Release|x64.Build.0 = Release|Any CPU
		{BD4D1EDE-AE9F-459B-BF31-0C8FE9808495}.Debug|Any CPU.ActiveCfg = Debug|Any CPU
		{BD4D1EDE-AE9F-459B-BF31-0C8FE9808495}.Debug|Any CPU.Build.0 = Debug|Any CPU
		{BD4D1EDE-AE9F-459B-BF31-0C8FE9808495}.Debug|x64.ActiveCfg = Debug|Any CPU
		{BD4D1EDE-AE9F-459B-BF31-0C8FE9808495}.Debug|x64.Build.0 = Debug|Any CPU
		{BD4D1EDE-AE9F-459B-BF31-0C8FE9808495}.Release|Any CPU.ActiveCfg = Release|Any CPU
		{BD4D1EDE-AE9F-459B-BF31-0C8FE9808495}.Release|Any CPU.Build.0 = Release|Any CPU
		{BD4D1EDE-AE9F-459B-BF31-0C8FE9808495}.Release|x64.ActiveCfg = Release|Any CPU
		{BD4D1EDE-AE9F-459B-BF31-0C8FE9808495}.Release|x64.Build.0 = Release|Any CPU
		{C44EAE7C-1BB9-4E65-B3BC-17813FD5A78D}.Debug|Any CPU.ActiveCfg = Debug|x64
		{C44EAE7C-1BB9-4E65-B3BC-17813FD5A78D}.Debug|x64.ActiveCfg = Debug|x64
		{C44EAE7C-1BB9-4E65-B3BC-17813FD5A78D}.Debug|x64.Build.0 = Debug|x64
		{C44EAE7C-1BB9-4E65-B3BC-17813FD5A78D}.Release|Any CPU.ActiveCfg = Release|x64
		{C44EAE7C-1BB9-4E65-B3BC-17813FD5A78D}.Release|x64.ActiveCfg = Release|x64
		{C44EAE7C-1BB9-4E65-B3BC-17813FD5A78D}.Release|x64.Build.0 = Release|x64
		{B496357A-EFDF-4B33-A35A-2B1EE3617A73}.Debug|Any CPU.ActiveCfg = Debug|Any CPU
		{B496357A-EFDF-4B33-A35A-2B1EE3617A73}.Debug|Any CPU.Build.0 = Debug|Any CPU
		{B496357A-EFDF-4B33-A35A-2B1EE3617A73}.Debug|x64.ActiveCfg = Debug|Any CPU
		{B496357A-EFDF-4B33-A35A-2B1EE3617A73}.Debug|x64.Build.0 = Debug|Any CPU
		{B496357A-EFDF-4B33-A35A-2B1EE3617A73}.Release|Any CPU.ActiveCfg = Release|Any CPU
		{B496357A-EFDF-4B33-A35A-2B1EE3617A73}.Release|Any CPU.Build.0 = Release|Any CPU
		{B496357A-EFDF-4B33-A35A-2B1EE3617A73}.Release|x64.ActiveCfg = Release|Any CPU
		{B496357A-EFDF-4B33-A35A-2B1EE3617A73}.Release|x64.Build.0 = Release|Any CPU
		{AFC64E41-45D5-494B-86A7-4224D2DE08AB}.Debug|Any CPU.ActiveCfg = Debug|x64
		{AFC64E41-45D5-494B-86A7-4224D2DE08AB}.Debug|x64.ActiveCfg = Debug|x64
		{AFC64E41-45D5-494B-86A7-4224D2DE08AB}.Debug|x64.Build.0 = Debug|x64
		{AFC64E41-45D5-494B-86A7-4224D2DE08AB}.Release|Any CPU.ActiveCfg = Release|x64
		{AFC64E41-45D5-494B-86A7-4224D2DE08AB}.Release|x64.ActiveCfg = Release|x64
		{AFC64E41-45D5-494B-86A7-4224D2DE08AB}.Release|x64.Build.0 = Release|x64
		{F4D74A38-9B1B-47BB-9ED2-3DF725C1C88B}.Debug|Any CPU.ActiveCfg = Debug|Any CPU
		{F4D74A38-9B1B-47BB-9ED2-3DF725C1C88B}.Debug|Any CPU.Build.0 = Debug|Any CPU
		{F4D74A38-9B1B-47BB-9ED2-3DF725C1C88B}.Debug|x64.ActiveCfg = Debug|Any CPU
		{F4D74A38-9B1B-47BB-9ED2-3DF725C1C88B}.Debug|x64.Build.0 = Debug|Any CPU
		{F4D74A38-9B1B-47BB-9ED2-3DF725C1C88B}.Release|Any CPU.ActiveCfg = Release|Any CPU
		{F4D74A38-9B1B-47BB-9ED2-3DF725C1C88B}.Release|Any CPU.Build.0 = Release|Any CPU
		{F4D74A38-9B1B-47BB-9ED2-3DF725C1C88B}.Release|x64.ActiveCfg = Release|Any CPU
		{F4D74A38-9B1B-47BB-9ED2-3DF725C1C88B}.Release|x64.Build.0 = Release|Any CPU
	EndGlobalSection
	GlobalSection(SolutionProperties) = preSolution
		HideSolutionNode = FALSE
	EndGlobalSection
	GlobalSection(NestedProjects) = preSolution
		{2AA234CC-00F3-4713-8DA8-76E820520095} = {9D777868-208B-457D-9443-9537E74ACEA5}
		{936A8F13-257F-407A-8498-63992A8EB529} = {41978C36-4BC2-44EB-9F50-6E2E7F3968CE}
		{BB00BC14-2696-4021-896A-9461475F7C8D} = {936A8F13-257F-407A-8498-63992A8EB529}
		{DB42BF73-7009-40BF-9957-EFCD023B2E9D} = {936A8F13-257F-407A-8498-63992A8EB529}
		{1EBFFAAC-00D3-40EE-B1D5-8EF456004888} = {936A8F13-257F-407A-8498-63992A8EB529}
		{9D777868-208B-457D-9443-9537E74ACEA5} = {41978C36-4BC2-44EB-9F50-6E2E7F3968CE}
		{5D006A84-7891-4E02-B7A6-F9E9BAFE5914} = {2AA234CC-00F3-4713-8DA8-76E820520095}
		{D060C229-D89B-4279-9C15-F13BB23EF8E2} = {2AA234CC-00F3-4713-8DA8-76E820520095}
		{BD4D1EDE-AE9F-459B-BF31-0C8FE9808495} = {9D777868-208B-457D-9443-9537E74ACEA5}
		{C051F103-A082-4249-A0B5-69C639344F8A} = {9D777868-208B-457D-9443-9537E74ACEA5}
		{C44EAE7C-1BB9-4E65-B3BC-17813FD5A78D} = {9D777868-208B-457D-9443-9537E74ACEA5}
		{B496357A-EFDF-4B33-A35A-2B1EE3617A73} = {C051F103-A082-4249-A0B5-69C639344F8A}
		{AFC64E41-45D5-494B-86A7-4224D2DE08AB} = {C051F103-A082-4249-A0B5-69C639344F8A}
		{F4D74A38-9B1B-47BB-9ED2-3DF725C1C88B} = {9D777868-208B-457D-9443-9537E74ACEA5}
	EndGlobalSection
	GlobalSection(ExtensibilityGlobals) = postSolution
		SolutionGuid = {9C535967-FB2E-435F-A389-7FFE336A11F8}
	EndGlobalSection
EndGlobal
